Microsoft Visual Studio Solution File, Format Version 12.00
# Visual Studio Version 17
VisualStudioVersion = 17.5.2.0
MinimumVisualStudioVersion = 10.0.40219.1
Project("{2150E333-8FDC-42A3-9474-1A3956D46DE8}") = "src", "src", "{827E0CD3-B72D-47B6-A68D-7590B98EB39B}"
EndProject
Project("{2150E333-8FDC-42A3-9474-1A3956D46DE8}") = "tests", "tests", "{0AB3BF05-4346-4AA6-1389-037BE0695223}"
EndProject
Project("{FAE04EC0-301F-11D3-BF4B-00C04F79EFBC}") = "DataGen.Web.Tests", "src\DataGen.Web.Tests\DataGen.Web.Tests.csproj", "{2AA5727A-D28B-3F59-2026-BB04FCCD3CE3}"
EndProject
Project("{FAE04EC0-301F-11D3-BF4B-00C04F79EFBC}") = "DataGen.Core.Tests", "src\DataGen.Core.Tests\DataGen.Core.Tests.csproj", "{56E8B90E-1856-1BB9-F3FA-1820DFCD582B}"
EndProject
Project("{FAE04EC0-301F-11D3-BF4B-00C04F79EFBC}") = "DataGen.Bulk", "src\DataGen.Bulk\DataGen.Bulk.csproj", "{75ABD09C-1A50-1EC6-FD4D-16B80C438BDD}"
EndProject
Project("{FAE04EC0-301F-11D3-BF4B-00C04F79EFBC}") = "DataGen.Web", "src\DataGen.Web\DataGen.Web.csproj", "{D8812534-E836-C0AF-E378-2744BF7DB9A1}"
EndProject
Project("{FAE04EC0-301F-11D3-BF4B-00C04F79EFBC}") = "DataGen.Bulk.Tests", "src\DataGen.Bulk.Tests\DataGen.Bulk.Tests.csproj", "{357E65DB-832D-883D-9C74-A0E4B233391A}"
EndProject
Project("{FAE04EC0-301F-11D3-BF4B-00C04F79EFBC}") = "DataGen.Core", "src\DataGen.Core\DataGen.Core.csproj", "{BD7B6FFC-7EC3-237F-83FD-6498506970D3}"
EndProject
Project("{FAE04EC0-301F-11D3-BF4B-00C04F79EFBC}") = "DataGen.Integration.Tests", "tests\DataGen.Integration.Tests\DataGen.Integration.Tests.csproj", "{1A4CD2DA-1F44-F663-A0D4-829AE2D14C06}"
EndProject
Global
	GlobalSection(SolutionConfigurationPlatforms) = preSolution
		Debug|Any CPU = Debug|Any CPU
		Release|Any CPU = Release|Any CPU
	EndGlobalSection
	GlobalSection(ProjectConfigurationPlatforms) = postSolution
		{2AA5727A-D28B-3F59-2026-BB04FCCD3CE3}.Debug|Any CPU.ActiveCfg = Debug|Any CPU
		{2AA5727A-D28B-3F59-2026-BB04FCCD3CE3}.Debug|Any CPU.Build.0 = Debug|Any CPU
		{2AA5727A-D28B-3F59-2026-BB04FCCD3CE3}.Release|Any CPU.ActiveCfg = Release|Any CPU
		{2AA5727A-D28B-3F59-2026-BB04FCCD3CE3}.Release|Any CPU.Build.0 = Release|Any CPU
		{56E8B90E-1856-1BB9-F3FA-1820DFCD582B}.Debug|Any CPU.ActiveCfg = Debug|Any CPU
		{56E8B90E-1856-1BB9-F3FA-1820DFCD582B}.Debug|Any CPU.Build.0 = Debug|Any CPU
		{56E8B90E-1856-1BB9-F3FA-1820DFCD582B}.Release|Any CPU.ActiveCfg = Release|Any CPU
		{56E8B90E-1856-1BB9-F3FA-1820DFCD582B}.Release|Any CPU.Build.0 = Release|Any CPU
		{75ABD09C-1A50-1EC6-FD4D-16B80C438BDD}.Debug|Any CPU.ActiveCfg = Debug|Any CPU
		{75ABD09C-1A50-1EC6-FD4D-16B80C438BDD}.Debug|Any CPU.Build.0 = Debug|Any CPU
		{75ABD09C-1A50-1EC6-FD4D-16B80C438BDD}.Release|Any CPU.ActiveCfg = Release|Any CPU
		{75ABD09C-1A50-1EC6-FD4D-16B80C438BDD}.Release|Any CPU.Build.0 = Release|Any CPU
		{D8812534-E836-C0AF-E378-2744BF7DB9A1}.Debug|Any CPU.ActiveCfg = Debug|Any CPU
		{D8812534-E836-C0AF-E378-2744BF7DB9A1}.Debug|Any CPU.Build.0 = Debug|Any CPU
		{D8812534-E836-C0AF-E378-2744BF7DB9A1}.Release|Any CPU.ActiveCfg = Release|Any CPU
		{D8812534-E836-C0AF-E378-2744BF7DB9A1}.Release|Any CPU.Build.0 = Release|Any CPU
		{357E65DB-832D-883D-9C74-A0E4B233391A}.Debug|Any CPU.ActiveCfg = Debug|Any CPU
		{357E65DB-832D-883D-9C74-A0E4B233391A}.Debug|Any CPU.Build.0 = Debug|Any CPU
		{357E65DB-832D-883D-9C74-A0E4B233391A}.Release|Any CPU.ActiveCfg = Release|Any CPU
		{357E65DB-832D-883D-9C74-A0E4B233391A}.Release|Any CPU.Build.0 = Release|Any CPU
		{BD7B6FFC-7EC3-237F-83FD-6498506970D3}.Debug|Any CPU.ActiveCfg = Debug|Any CPU
		{BD7B6FFC-7EC3-237F-83FD-6498506970D3}.Debug|Any CPU.Build.0 = Debug|Any CPU
		{BD7B6FFC-7EC3-237F-83FD-6498506970D3}.Release|Any CPU.ActiveCfg = Release|Any CPU
		{BD7B6FFC-7EC3-237F-83FD-6498506970D3}.Release|Any CPU.Build.0 = Release|Any CPU
		{1A4CD2DA-1F44-F663-A0D4-829AE2D14C06}.Debug|Any CPU.ActiveCfg = Debug|Any CPU
		{1A4CD2DA-1F44-F663-A0D4-829AE2D14C06}.Debug|Any CPU.Build.0 = Debug|Any CPU
		{1A4CD2DA-1F44-F663-A0D4-829AE2D14C06}.Release|Any CPU.ActiveCfg = Release|Any CPU
		{1A4CD2DA-1F44-F663-A0D4-829AE2D14C06}.Release|Any CPU.Build.0 = Release|Any CPU
	EndGlobalSection
	GlobalSection(SolutionProperties) = preSolution
		HideSolutionNode = FALSE
	EndGlobalSection
	GlobalSection(NestedProjects) = preSolution
		{2AA5727A-D28B-3F59-2026-BB04FCCD3CE3} = {827E0CD3-B72D-47B6-A68D-7590B98EB39B}
		{56E8B90E-1856-1BB9-F3FA-1820DFCD582B} = {827E0CD3-B72D-47B6-A68D-7590B98EB39B}
		{75ABD09C-1A50-1EC6-FD4D-16B80C438BDD} = {827E0CD3-B72D-47B6-A68D-7590B98EB39B}
		{D8812534-E836-C0AF-E378-2744BF7DB9A1} = {827E0CD3-B72D-47B6-A68D-7590B98EB39B}
		{357E65DB-832D-883D-9C74-A0E4B233391A} = {827E0CD3-B72D-47B6-A68D-7590B98EB39B}
		{BD7B6FFC-7EC3-237F-83FD-6498506970D3} = {827E0CD3-B72D-47B6-A68D-7590B98EB39B}
		{1A4CD2DA-1F44-F663-A0D4-829AE2D14C06} = {0AB3BF05-4346-4AA6-1389-037BE0695223}
	EndGlobalSection
	GlobalSection(ExtensibilityGlobals) = postSolution
		SolutionGuid = {7A22AB1C-0769-4837-AACC-3812181B1314}
	EndGlobalSection
EndGlobal
