<Solution>
  <Folder Name="/src/">
    <Project Path="src/DataGen.Bulk/DataGen.Bulk.csproj" />
    <Project Path="src/DataGen.Core/DataGen.Core.csproj" />
    <Project Path="src/DataGen.Web/DataGen.Web.csproj" />
    <Project Path="src/SeedBomb.Wpf/SeedBomb.Wpf.csproj" />
  </Folder>
  <Folder Name="/tests/">
    <Project Path="src/DataGen.Bulk.Tests/DataGen.Bulk.Tests.csproj" />
    <Project Path="src/DataGen.Core.Tests/DataGen.Core.Tests.csproj" />
    <Project Path="src/DataGen.Web.Tests/DataGen.Web.Tests.csproj" />
    <Project Path="src/DataGen.Wpf.Tests/DataGen.Wpf.Tests.csproj" />
    <Project Path="tests/DataGen.Integration.Tests/DataGen.Integration.Tests.csproj" />
  </Folder>
</Solution>
