<Solution>
  <Configurations>
    <Platform Name="Any CPU" />
    <Platform Name="x64" />
  </Configurations>
  <Folder Name="/src/">
    <Project Path="src/SeedBomb.Bulk/SeedBomb.Bulk.csproj">
      <Platform Solution="*|x64" Project="x64" />
    </Project>
    <Project Path="src/SeedBomb.Core/SeedBomb.Core.csproj">
      <Platform Solution="*|x64" Project="x64" />
    </Project>
    <Project Path="src/SeedBomb.Web/SeedBomb.Web.csproj">
      <Platform Solution="*|x64" Project="x64" />
    </Project>
    <Project Path="src/SeedBomb.Wpf/SeedBomb.Wpf.csproj">
      <Platform Solution="*|x64" Project="x64" />
    </Project>
  </Folder>
  <Folder Name="/tests/">
    <Project Path="src/SeedBomb.Bulk.Tests/SeedBomb.Bulk.Tests.csproj">
      <Platform Solution="*|x64" Project="x64" />
    </Project>
    <Project Path="src/SeedBomb.Core.Tests/SeedBomb.Core.Tests.csproj">
      <Platform Solution="*|x64" Project="x64" />
    </Project>
    <Project Path="src/SeedBomb.Web.Tests/SeedBomb.Web.Tests.csproj">
      <Platform Solution="*|x64" Project="x64" />
    </Project>
    <Project Path="src/SeedBomb.Wpf.Tests/SeedBomb.Wpf.Tests.csproj">
      <Platform Solution="*|x64" Project="x64" />
    </Project>
    <Project Path="tests/SeedBomb.Integration.Tests/SeedBomb.Integration.Tests.csproj">
      <Platform Solution="*|x64" Project="x64" />
    </Project>
  </Folder>
</Solution>
